
Microsoft Visual Studio Solution File, Format Version 12.00
# Visual Studio Version 17
VisualStudioVersion = 17.7.34009.444
MinimumVisualStudioVersion = 10.0.40219.1
Project("{FAE04EC0-301F-11D3-BF4B-00C04F79EFBC}") = "SMS.Domain", "SMS.Domain\SMS.Domain.csproj", "{58D28C2B-5CAC-4105-A0E9-66B500323B56}"
EndProject
Project("{FAE04EC0-301F-11D3-BF4B-00C04F79EFBC}") = "SMS.Infrastructure", "SMS.Infrastructure\SMS.Infrastructure.csproj", "{9B2839F5-A683-43A9-A475-BBB3315A9A72}"
EndProject
Global
	GlobalSection(SolutionConfigurationPlatforms) = preSolution
		Debug|Any CPU = Debug|Any CPU
		Release|Any CPU = Release|Any CPU
	EndGlobalSection
	GlobalSection(ProjectConfigurationPlatforms) = postSolution
		{58D28C2B-5CAC-4105-A0E9-66B500323B56}.Debug|Any CPU.ActiveCfg = Debug|Any CPU
		{58D28C2B-5CAC-4105-A0E9-66B500323B56}.Debug|Any CPU.Build.0 = Debug|Any CPU
		{58D28C2B-5CAC-4105-A0E9-66B500323B56}.Release|Any CPU.ActiveCfg = Release|Any CPU
		{58D28C2B-5CAC-4105-A0E9-66B500323B56}.Release|Any CPU.Build.0 = Release|Any CPU
		{9B2839F5-A683-43A9-A475-BBB3315A9A72}.Debug|Any CPU.ActiveCfg = Debug|Any CPU
		{9B2839F5-A683-43A9-A475-BBB3315A9A72}.Debug|Any CPU.Build.0 = Debug|Any CPU
		{9B2839F5-A683-43A9-A475-BBB3315A9A72}.Release|Any CPU.ActiveCfg = Release|Any CPU
		{9B2839F5-A683-43A9-A475-BBB3315A9A72}.Release|Any CPU.Build.0 = Release|Any CPU
	EndGlobalSection
	GlobalSection(SolutionProperties) = preSolution
		HideSolutionNode = FALSE
	EndGlobalSection
	GlobalSection(ExtensibilityGlobals) = postSolution
		SolutionGuid = {A8355552-E0C0-4F1F-BF02-88AB254A9F57}
	EndGlobalSection
EndGlobal
